
Microsoft Visual Studio Solution File, Format Version 12.00
# Visual Studio Version 17
VisualStudioVersion = 17.10.35004.147
MinimumVisualStudioVersion = 10.0.40219.1
Project("{9A19103F-16F7-4668-BE54-9A1E7A4F7556}") = "ECommAPI", "ECommAPI\ECommAPI.csproj", "{8F0EE2A9-0987-451F-95C6-1CF30E68F952}"
EndProject
Project("{2150E333-8FDC-42A3-9474-1A3956D46DE8}") = "Solution Items", "Solution Items", "{875276D1-DB5D-4D2B-B539-E8111D35E648}"
	ProjectSection(SolutionItems) = preProject
		.gitignore = .gitignore
	EndProjectSection
EndProject
Global
	GlobalSection(SolutionConfigurationPlatforms) = preSolution
		Debug|Any CPU = Debug|Any CPU
		Release|Any CPU = Release|Any CPU
	EndGlobalSection
	GlobalSection(ProjectConfigurationPlatforms) = postSolution
		{8F0EE2A9-0987-451F-95C6-1CF30E68F952}.Debug|Any CPU.ActiveCfg = Debug|Any CPU
		{8F0EE2A9-0987-451F-95C6-1CF30E68F952}.Debug|Any CPU.Build.0 = Debug|Any CPU
		{8F0EE2A9-0987-451F-95C6-1CF30E68F952}.Release|Any CPU.ActiveCfg = Release|Any CPU
		{8F0EE2A9-0987-451F-95C6-1CF30E68F952}.Release|Any CPU.Build.0 = Release|Any CPU
	EndGlobalSection
	GlobalSection(SolutionProperties) = preSolution
		HideSolutionNode = FALSE
	EndGlobalSection
	GlobalSection(ExtensibilityGlobals) = postSolution
		SolutionGuid = {97910AF1-C66B-4B0E-8C89-7AA121583220}
	EndGlobalSection
EndGlobal
